github.com/awnumar/memcall v0.2.0 h1:sRaogqExTOOkkNwO9pzJsL8jrOV29UuUW7teRMfbqtI=
github.com/awnumar/memcall v0.2.0/go.mod h1:S911igBPR9CThzd/hYQQmTc9SWNu3ZHIlCGaWsWsoJo=
github.com/awnumar/memguard v0.22.5 h1:PH7sbUVERS5DdXh3+mLo8FDcl1eIeVjJVYMnyuYpvuI=
github.com/awnumar/memguard v0.22.5/go.mod h1:+APmZGThMBWjnMlKiSM1X7MVpbIVewen2MTkqWkA/zE=
golang.org/x/crypto v0.16.0 h1:mMMrFzRSCF0GvB7Ne27XVtVAaXLrPmgPC7/v0tkwHaY=
golang.org/x/crypto v0.16.0/go.mod h1:gCAAfMLgwOJRpTjQ2zCCt2OcSfYMTeZVSRtQlPC7Nq4=
golang.org/x/sys v0.0.0-20191001151750-bb3f8db39f24/go.mod h1:h1NjWce9XRLGQEsW7wpKNCjG9DtNlClVuFLEZdDNbEs=
golang.org/x/sys v0.15.0 h1:h48lPFYpsTvQJZF4EKyI4aLHaev3CxivZmv7yZig9pc=
golang.org/x/sys v0.15.0/go.mod h1:/VUhepiaJMQUp4+oa/7Zr1D23ma6VTLIYjOOTFZPUcA=
